// !$*UTF8*$!
{
	archiveVersion = 1;
	classes = {
	};
	objectVersion = 50;
	objects = {

/* Begin PBXFileReference section */
		53E7698D233D22890047E9A7 /* sources.mk */ = {isa = PBXFileReference; lastKnownFileType = text; path = sources.mk; sourceTree = "<group>"; };
		53E7698E233D22890047E9A7 /* makefile */ = {isa = PBXFileReference; lastKnownFileType = sourcecode.make; path = makefile; sourceTree = "<group>"; };
		53E7698F233D22890047E9A7 /* fileIO.map */ = {isa = PBXFileReference; lastKnownFileType = "sourcecode.module-map"; path = fileIO.map; sourceTree = "<group>"; };
		53E76990233D22890047E9A7 /* objects.mk */ = {isa = PBXFileReference; lastKnownFileType = text; path = objects.mk; sourceTree = "<group>"; };
		53E76991233D22890047E9A7 /* fileIO_linkInfo.xml */ = {isa = PBXFileReference; lastKnownFileType = text.xml; path = fileIO_linkInfo.xml; sourceTree = "<group>"; };
		53E76992233D22890047E9A7 /* main.d */ = {isa = PBXFileReference; lastKnownFileType = sourcecode.dtrace; path = main.d; sourceTree = "<group>"; };
		53E76993233D22890047E9A7 /* ccsObjs.opt */ = {isa = PBXFileReference; lastKnownFileType = text; path = ccsObjs.opt; sourceTree = "<group>"; };
		53E76994233D22890047E9A7 /* subdir_vars.mk */ = {isa = PBXFileReference; lastKnownFileType = text; path = subdir_vars.mk; sourceTree = "<group>"; };
		53E76995233D22890047E9A7 /* subdir_rules.mk */ = {isa = PBXFileReference; lastKnownFileType = text; path = subdir_rules.mk; sourceTree = "<group>"; };
/* End PBXFileReference section */

/* Begin PBXGroup section */
		53E76987233D22890047E9A7 = {
			isa = PBXGroup;
			children = (
				53E7698D233D22890047E9A7 /* sources.mk */,
				53E7698E233D22890047E9A7 /* makefile */,
				53E7698F233D22890047E9A7 /* fileIO.map */,
				53E76990233D22890047E9A7 /* objects.mk */,
				53E76991233D22890047E9A7 /* fileIO_linkInfo.xml */,
				53E76992233D22890047E9A7 /* main.d */,
				53E76993233D22890047E9A7 /* ccsObjs.opt */,
				53E76994233D22890047E9A7 /* subdir_vars.mk */,
				53E76995233D22890047E9A7 /* subdir_rules.mk */,
			);
			sourceTree = "<group>";
		};
/* End PBXGroup section */

/* Begin PBXLegacyTarget section */
		53E7698C233D22890047E9A7 /* Debug */ = {
			isa = PBXLegacyTarget;
			buildArgumentsString = "$(ACTION)";
			buildConfigurationList = 53E76996233D22890047E9A7 /* Build configuration list for PBXLegacyTarget "Debug" */;
			buildPhases = (
			);
			buildToolPath = /usr/bin/make;
			buildWorkingDirectory = "/Users/aryadaroui/Desktop/Lab 1 EE 489/fileIO/Debug";
			dependencies = (
			);
			name = Debug;
			passBuildSettingsInEnvironment = 1;
			productName = Debug;
		};
/* End PBXLegacyTarget section */

/* Begin PBXProject section */
		53E76988233D22890047E9A7 /* Project object */ = {
			isa = PBXProject;
			attributes = {
			};
			buildConfigurationList = 53E7698B233D22890047E9A7 /* Build configuration list for PBXProject "Debug" */;
			compatibilityVersion = "Xcode 9.3";
			developmentRegion = en;
			hasScannedForEncodings = 0;
			knownRegions = (
				en,
			);
			mainGroup = 53E76987233D22890047E9A7;
			projectDirPath = "";
			projectRoot = "";
			targets = (
				53E7698C233D22890047E9A7 /* Debug */,
			);
		};
/* End PBXProject section */

/* Begin XCBuildConfiguration section */
		53E76989233D22890047E9A7 /* Debug */ = {
			isa = XCBuildConfiguration;
			buildSettings = {
				ARCHS = "$(ARCHS_STANDARD_32_BIT)";
				COPY_PHASE_STRIP = NO;
				GCC_WARN_ABOUT_RETURN_TYPE = YES;
				GCC_WARN_UNUSED_VARIABLE = YES;
				ONLY_ACTIVE_ARCH = YES;
				SDKROOT = macosx10.6;
			};
			name = Debug;
		};
		53E7698A233D22890047E9A7 /* Release */ = {
			isa = XCBuildConfiguration;
			buildSettings = {
				ARCHS = "$(ARCHS_STANDARD_32_BIT)";
				COPY_PHASE_STRIP = YES;
				GCC_WARN_ABOUT_RETURN_TYPE = YES;
				GCC_WARN_UNUSED_VARIABLE = YES;
				SDKROOT = macosx10.6;
			};
			name = Release;
		};
		53E76997233D22890047E9A7 /* Debug */ = {
			isa = XCBuildConfiguration;
			buildSettings = {
				COPY_PHASE_STRIP = NO;
				DEBUGGING_SYMBOLS = YES;
				GCC_DYNAMIC_NO_PIC = NO;
				GCC_ENABLE_FIX_AND_CONTINUE = YES;
				GCC_GENERATE_DEBUGGING_SYMBOLS = YES;
				GCC_OPTIMIZATION_LEVEL = 0;
				OTHER_CFLAGS = "";
				OTHER_LDFLAGS = "";
				PRODUCT_NAME = Debug;
			};
			name = Debug;
		};
		53E76998233D22890047E9A7 /* Release */ = {
			isa = XCBuildConfiguration;
			buildSettings = {
				COPY_PHASE_STRIP = YES;
				DEBUG_INFORMATION_FORMAT = "dwarf-with-dsym";
				GCC_ENABLE_FIX_AND_CONTINUE = NO;
				OTHER_CFLAGS = "";
				OTHER_LDFLAGS = "";
				PRODUCT_NAME = Debug;
			};
			name = Release;
		};
/* End XCBuildConfiguration section */

/* Begin XCConfigurationList section */
		53E7698B233D22890047E9A7 /* Build configuration list for PBXProject "Debug" */ = {
			isa = XCConfigurationList;
			buildConfigurations = (
				53E76989233D22890047E9A7 /* Debug */,
				53E7698A233D22890047E9A7 /* Release */,
			);
			defaultConfigurationIsVisible = 0;
			defaultConfigurationName = Release;
		};
		53E76996233D22890047E9A7 /* Build configuration list for PBXLegacyTarget "Debug" */ = {
			isa = XCConfigurationList;
			buildConfigurations = (
				53E76997233D22890047E9A7 /* Debug */,
				53E76998233D22890047E9A7 /* Release */,
			);
			defaultConfigurationIsVisible = 0;
			defaultConfigurationName = Release;
		};
/* End XCConfigurationList section */
	};
	rootObject = 53E76988233D22890047E9A7 /* Project object */;
}
